{
  "schemaVersion": 1,
  "entries": {
    "case:taskrun@0.1": "2c24945e4c3a50c99b1501a3b0660c684b11accf",
    "case:taskrun@0.2": "c789b887b5293b925094df75f8c2e8b2ed171b20",
    "case:taskrun@0.3": "3c3106f471b3a4501e3bbaaf125560f5e96cfad8",
    "configuration:cheap@1": "3b526d1cffb6b6331e108cf0778de9200334cded",
    "configuration:devin-delegate@1": "8a13bae2deb80147c04db71ae89c5a7d53ce0834",
    "configuration:devin-host-claude-delegate@1": "6ad8613645e33d402e6fc2c00595d9e1162c0c81",
    "configuration:devin-host@1": "940a468de49ccd5aa5dd55be04dd189792e0d56a",
    "configuration:devin-opus-gpt55@1": "314aec29028ece084954458066cf90067afc0759",
    "configuration:sol@1": "a7c4807574e3df8f0036a8042823a9c0e7906c48"
  },
  "note": "Append-only registry of every benchmark case version and configuration version and the git object id (tree for a case directory, blob for a configuration file) it was registered with. validate-kit refuses when HEAD differs from a registered id (edited in place) or when any id ever registered maps to a different object at HEAD (rewritten history). Add entries with `benchmark/pairs.py register`; never edit by hand."
}
